// !$*UTF8*$!
{
	archiveVersion = 1;
	classes = {
	};
	objectVersion = 56;
	objects = {

/* Begin PBXBuildFile section */
		444512922C467A660081665D /* book overdue and fine.swift in Sources */ = {isa = PBXBuildFile; fileRef = 444512912C467A660081665D /* book overdue and fine.swift */; };
		737170712C3B465F009A3B05 /* UserRecord.swift in Sources */ = {isa = PBXBuildFile; fileRef = 737170702C3B465F009A3B05 /* UserRecord.swift */; };
		73BCEC0B2C4648A400F7D3D4 /* ComplaintsPage.swift in Sources */ = {isa = PBXBuildFile; fileRef = 73BCEC0A2C4648A400F7D3D4 /* ComplaintsPage.swift */; };
		73E886892C3FF892000687DD /* BookDetailView.swift in Sources */ = {isa = PBXBuildFile; fileRef = 73E886862C3FF892000687DD /* BookDetailView.swift */; };
		73E8868A2C3FF892000687DD /* BarCodeScannerView.swift in Sources */ = {isa = PBXBuildFile; fileRef = 73E886872C3FF892000687DD /* BarCodeScannerView.swift */; };
		73E8868B2C3FF892000687DD /* BookDetails.swift in Sources */ = {isa = PBXBuildFile; fileRef = 73E886882C3FF892000687DD /* BookDetails.swift */; };
		73E8868D2C3FF89D000687DD /* ContentView.swift in Sources */ = {isa = PBXBuildFile; fileRef = 73E8868C2C3FF89D000687DD /* ContentView.swift */; };
		73E886912C4062DD000687DD /* DMSans_18pt-Black.ttf in Resources */ = {isa = PBXBuildFile; fileRef = 73E886902C4062DD000687DD /* DMSans_18pt-Black.ttf */; };
		73E886932C4063F8000687DD /* DMSans_18pt-Medium.ttf in Resources */ = {isa = PBXBuildFile; fileRef = 73E886922C4063F8000687DD /* DMSans_18pt-Medium.ttf */; };
		73E886952C406456000687DD /* DMSans_18pt-SemiBold.ttf in Resources */ = {isa = PBXBuildFile; fileRef = 73E886942C406455000687DD /* DMSans_18pt-SemiBold.ttf */; };
		73E886972C4064A9000687DD /* DMSans_18pt-Bold.ttf in Resources */ = {isa = PBXBuildFile; fileRef = 73E886962C4064A9000687DD /* DMSans_18pt-Bold.ttf */; };
		73E886992C406572000687DD /* DMSans-Bold.ttf in Resources */ = {isa = PBXBuildFile; fileRef = 73E886982C406572000687DD /* DMSans-Bold.ttf */; };
		73E8869B2C406629000687DD /* DMSans-ExtraBold.ttf in Resources */ = {isa = PBXBuildFile; fileRef = 73E8869A2C406629000687DD /* DMSans-ExtraBold.ttf */; };
		B14A30E72C43E65B004B36AD /* EventsDashboard.swift in Sources */ = {isa = PBXBuildFile; fileRef = B14A30E62C43E65B004B36AD /* EventsDashboard.swift */; };
		B14A30EB2C43E879004B36AD /* FinalButton.swift in Sources */ = {isa = PBXBuildFile; fileRef = B14A30EA2C43E879004B36AD /* FinalButton.swift */; };
		B14A30ED2C43E88B004B36AD /* NextButton.swift in Sources */ = {isa = PBXBuildFile; fileRef = B14A30EC2C43E88B004B36AD /* NextButton.swift */; };
		B164E01F2C451FB200EF50AB /* Eventform.swift in Sources */ = {isa = PBXBuildFile; fileRef = B164E01E2C451FB200EF50AB /* Eventform.swift */; };
		B174F34E2C360313003D1ABD /* LibrarianDashboardAnalyticsData.swift in Sources */ = {isa = PBXBuildFile; fileRef = B174F34D2C360313003D1ABD /* LibrarianDashboardAnalyticsData.swift */; };
		B174F3522C36678E003D1ABD /* LibrarianDashboardStructs.swift in Sources */ = {isa = PBXBuildFile; fileRef = B174F3512C36678E003D1ABD /* LibrarianDashboardStructs.swift */; };
		B174F3542C36683A003D1ABD /* LibrarianDashboard.swift in Sources */ = {isa = PBXBuildFile; fileRef = B174F3532C36683A003D1ABD /* LibrarianDashboard.swift */; };
		B1BEB4112C359FB300ED5C01 /* sideMenuBar.swift in Sources */ = {isa = PBXBuildFile; fileRef = B1BEB40D2C359FB300ED5C01 /* sideMenuBar.swift */; };
		B1E339F42C452F6D00CF1E27 /* Graphs.swift in Sources */ = {isa = PBXBuildFile; fileRef = B1E339F32C452F6D00CF1E27 /* Graphs.swift */; };
		C4358B752C358168006824DC /* LoginPageView.swift in Sources */ = {isa = PBXBuildFile; fileRef = C4358B742C358168006824DC /* LoginPageView.swift */; };
		D0B9B10C2C35A567009521D5 /* GoogleService-Info.plist in Resources */ = {isa = PBXBuildFile; fileRef = D0B9B10B2C35A567009521D5 /* GoogleService-Info.plist */; };
		D0B9B1102C35AB3B009521D5 /* FirebaseAuth in Frameworks */ = {isa = PBXBuildFile; productRef = D0B9B10F2C35AB3B009521D5 /* FirebaseAuth */; };
		D0DC6C4C2C4135B0000C90F0 /* AddBookDetailsView.swift in Sources */ = {isa = PBXBuildFile; fileRef = D0DC6C4B2C4135B0000C90F0 /* AddBookDetailsView.swift */; };
		D0DC6C4E2C4136FF000C90F0 /* AddBookOptionsView.swift in Sources */ = {isa = PBXBuildFile; fileRef = D0DC6C4D2C4136FF000C90F0 /* AddBookOptionsView.swift */; };
		D0DC6C502C41378D000C90F0 /* CheckBoxView.swift in Sources */ = {isa = PBXBuildFile; fileRef = D0DC6C4F2C41378D000C90F0 /* CheckBoxView.swift */; };
		D0DC6C522C4268D0000C90F0 /* ImageLoader.swift in Sources */ = {isa = PBXBuildFile; fileRef = D0DC6C512C4268D0000C90F0 /* ImageLoader.swift */; };
		D0EDBE782C36A31400EC06AB /* FirebaseDatabase in Frameworks */ = {isa = PBXBuildFile; productRef = D0EDBE772C36A31400EC06AB /* FirebaseDatabase */; };
		D0EDBE7A2C36A38500EC06AB /* DataController.swift in Sources */ = {isa = PBXBuildFile; fileRef = D0EDBE792C36A38500EC06AB /* DataController.swift */; };
		D0EDBE7C2C36A3E000EC06AB /* DataModel.swift in Sources */ = {isa = PBXBuildFile; fileRef = D0EDBE7B2C36A3E000EC06AB /* DataModel.swift */; };
		D0EDBE882C37260300EC06AB /* BookCatalogue.swift in Sources */ = {isa = PBXBuildFile; fileRef = D0EDBE872C37260300EC06AB /* BookCatalogue.swift */; };
		FD87DC862C356BFC00553DC0 /* Shlves_LibraryApp.swift in Sources */ = {isa = PBXBuildFile; fileRef = FD87DC852C356BFC00553DC0 /* Shlves_LibraryApp.swift */; };
		FD87DC8A2C356BFD00553DC0 /* Assets.xcassets in Resources */ = {isa = PBXBuildFile; fileRef = FD87DC892C356BFD00553DC0 /* Assets.xcassets */; };
		FD87DC8D2C356BFD00553DC0 /* Preview Assets.xcassets in Resources */ = {isa = PBXBuildFile; fileRef = FD87DC8C2C356BFD00553DC0 /* Preview Assets.xcassets */; };
		FD87DC942C356C2A00553DC0 /* gitignore.txt in Resources */ = {isa = PBXBuildFile; fileRef = FD87DC932C356C2A00553DC0 /* gitignore.txt */; };
		FDBC5E9D2C451F69004F0890 /* AuthManager.swift in Sources */ = {isa = PBXBuildFile; fileRef = FDBC5E9C2C451F69004F0890 /* AuthManager.swift */; };
		FDEA9C9E2C36818E0042367B /* RegisterPage.swift in Sources */ = {isa = PBXBuildFile; fileRef = FDEA9C9D2C36818E0042367B /* RegisterPage.swift */; };
/* End PBXBuildFile section */

/* Begin PBXFileReference section */
		444512912C467A660081665D /* book overdue and fine.swift */ = {isa = PBXFileReference; lastKnownFileType = sourcecode.swift; path = "book overdue and fine.swift"; sourceTree = "<group>"; };
		737170702C3B465F009A3B05 /* UserRecord.swift */ = {isa = PBXFileReference; lastKnownFileType = sourcecode.swift; path = UserRecord.swift; sourceTree = "<group>"; };
		73BCEC0A2C4648A400F7D3D4 /* ComplaintsPage.swift */ = {isa = PBXFileReference; lastKnownFileType = sourcecode.swift; path = ComplaintsPage.swift; sourceTree = "<group>"; };
		73E886862C3FF892000687DD /* BookDetailView.swift */ = {isa = PBXFileReference; fileEncoding = 4; lastKnownFileType = sourcecode.swift; path = BookDetailView.swift; sourceTree = "<group>"; };
		73E886872C3FF892000687DD /* BarCodeScannerView.swift */ = {isa = PBXFileReference; fileEncoding = 4; lastKnownFileType = sourcecode.swift; path = BarCodeScannerView.swift; sourceTree = "<group>"; };
		73E886882C3FF892000687DD /* BookDetails.swift */ = {isa = PBXFileReference; fileEncoding = 4; lastKnownFileType = sourcecode.swift; path = BookDetails.swift; sourceTree = "<group>"; };
		73E8868C2C3FF89D000687DD /* ContentView.swift */ = {isa = PBXFileReference; fileEncoding = 4; lastKnownFileType = sourcecode.swift; path = ContentView.swift; sourceTree = "<group>"; };
		73E886902C4062DD000687DD /* DMSans_18pt-Black.ttf */ = {isa = PBXFileReference; lastKnownFileType = file; path = "DMSans_18pt-Black.ttf"; sourceTree = "<group>"; };
		73E886922C4063F8000687DD /* DMSans_18pt-Medium.ttf */ = {isa = PBXFileReference; lastKnownFileType = file; path = "DMSans_18pt-Medium.ttf"; sourceTree = "<group>"; };
		73E886942C406455000687DD /* DMSans_18pt-SemiBold.ttf */ = {isa = PBXFileReference; lastKnownFileType = file; path = "DMSans_18pt-SemiBold.ttf"; sourceTree = "<group>"; };
		73E886962C4064A9000687DD /* DMSans_18pt-Bold.ttf */ = {isa = PBXFileReference; lastKnownFileType = file; path = "DMSans_18pt-Bold.ttf"; sourceTree = "<group>"; };
		73E886982C406572000687DD /* DMSans-Bold.ttf */ = {isa = PBXFileReference; lastKnownFileType = file; path = "DMSans-Bold.ttf"; sourceTree = "<group>"; };
		73E8869A2C406629000687DD /* DMSans-ExtraBold.ttf */ = {isa = PBXFileReference; lastKnownFileType = file; path = "DMSans-ExtraBold.ttf"; sourceTree = "<group>"; };
		B14A30E62C43E65B004B36AD /* EventsDashboard.swift */ = {isa = PBXFileReference; fileEncoding = 4; lastKnownFileType = sourcecode.swift; path = EventsDashboard.swift; sourceTree = "<group>"; };
		B14A30EA2C43E879004B36AD /* FinalButton.swift */ = {isa = PBXFileReference; fileEncoding = 4; lastKnownFileType = sourcecode.swift; path = FinalButton.swift; sourceTree = "<group>"; };
		B14A30EC2C43E88B004B36AD /* NextButton.swift */ = {isa = PBXFileReference; fileEncoding = 4; lastKnownFileType = sourcecode.swift; path = NextButton.swift; sourceTree = "<group>"; };
		B164E01E2C451FB200EF50AB /* Eventform.swift */ = {isa = PBXFileReference; lastKnownFileType = sourcecode.swift; path = Eventform.swift; sourceTree = "<group>"; };
		B174F34D2C360313003D1ABD /* LibrarianDashboardAnalyticsData.swift */ = {isa = PBXFileReference; lastKnownFileType = sourcecode.swift; path = LibrarianDashboardAnalyticsData.swift; sourceTree = "<group>"; };
		B174F3512C36678E003D1ABD /* LibrarianDashboardStructs.swift */ = {isa = PBXFileReference; lastKnownFileType = sourcecode.swift; path = LibrarianDashboardStructs.swift; sourceTree = "<group>"; };
		B174F3532C36683A003D1ABD /* LibrarianDashboard.swift */ = {isa = PBXFileReference; lastKnownFileType = sourcecode.swift; path = LibrarianDashboard.swift; sourceTree = "<group>"; };
		B1BEB40D2C359FB300ED5C01 /* sideMenuBar.swift */ = {isa = PBXFileReference; fileEncoding = 4; lastKnownFileType = sourcecode.swift; path = sideMenuBar.swift; sourceTree = "<group>"; };
		B1E339F32C452F6D00CF1E27 /* Graphs.swift */ = {isa = PBXFileReference; lastKnownFileType = sourcecode.swift; path = Graphs.swift; sourceTree = "<group>"; };
		C4358B742C358168006824DC /* LoginPageView.swift */ = {isa = PBXFileReference; lastKnownFileType = sourcecode.swift; path = LoginPageView.swift; sourceTree = "<group>"; };
		D0B9B10B2C35A567009521D5 /* GoogleService-Info.plist */ = {isa = PBXFileReference; fileEncoding = 4; lastKnownFileType = text.plist.xml; path = "GoogleService-Info.plist"; sourceTree = "<group>"; };
		D0DC6C4B2C4135B0000C90F0 /* AddBookDetailsView.swift */ = {isa = PBXFileReference; lastKnownFileType = sourcecode.swift; path = AddBookDetailsView.swift; sourceTree = "<group>"; };
		D0DC6C4D2C4136FF000C90F0 /* AddBookOptionsView.swift */ = {isa = PBXFileReference; lastKnownFileType = sourcecode.swift; path = AddBookOptionsView.swift; sourceTree = "<group>"; };
		D0DC6C4F2C41378D000C90F0 /* CheckBoxView.swift */ = {isa = PBXFileReference; lastKnownFileType = sourcecode.swift; path = CheckBoxView.swift; sourceTree = "<group>"; };
		D0DC6C512C4268D0000C90F0 /* ImageLoader.swift */ = {isa = PBXFileReference; lastKnownFileType = sourcecode.swift; path = ImageLoader.swift; sourceTree = "<group>"; };
		D0EDBE762C36A30100EC06AB /* Info.plist */ = {isa = PBXFileReference; lastKnownFileType = text.plist; path = Info.plist; sourceTree = "<group>"; };
		D0EDBE792C36A38500EC06AB /* DataController.swift */ = {isa = PBXFileReference; lastKnownFileType = sourcecode.swift; path = DataController.swift; sourceTree = "<group>"; };
		D0EDBE7B2C36A3E000EC06AB /* DataModel.swift */ = {isa = PBXFileReference; lastKnownFileType = sourcecode.swift; path = DataModel.swift; sourceTree = "<group>"; };
		D0EDBE872C37260300EC06AB /* BookCatalogue.swift */ = {isa = PBXFileReference; lastKnownFileType = sourcecode.swift; path = BookCatalogue.swift; sourceTree = "<group>"; };
		FD87DC822C356BFC00553DC0 /* Shlves-Library.app */ = {isa = PBXFileReference; explicitFileType = wrapper.application; includeInIndex = 0; path = "Shlves-Library.app"; sourceTree = BUILT_PRODUCTS_DIR; };
		FD87DC852C356BFC00553DC0 /* Shlves_LibraryApp.swift */ = {isa = PBXFileReference; lastKnownFileType = sourcecode.swift; path = Shlves_LibraryApp.swift; sourceTree = "<group>"; };
		FD87DC892C356BFD00553DC0 /* Assets.xcassets */ = {isa = PBXFileReference; lastKnownFileType = folder.assetcatalog; path = Assets.xcassets; sourceTree = "<group>"; };
		FD87DC8C2C356BFD00553DC0 /* Preview Assets.xcassets */ = {isa = PBXFileReference; lastKnownFileType = folder.assetcatalog; path = "Preview Assets.xcassets"; sourceTree = "<group>"; };
		FD87DC932C356C2A00553DC0 /* gitignore.txt */ = {isa = PBXFileReference; fileEncoding = 4; lastKnownFileType = text; path = gitignore.txt; sourceTree = "<group>"; };
		FDBC5E9C2C451F69004F0890 /* AuthManager.swift */ = {isa = PBXFileReference; lastKnownFileType = sourcecode.swift; path = AuthManager.swift; sourceTree = "<group>"; };
		FDEA9C9D2C36818E0042367B /* RegisterPage.swift */ = {isa = PBXFileReference; lastKnownFileType = sourcecode.swift; path = RegisterPage.swift; sourceTree = "<group>"; };
/* End PBXFileReference section */

/* Begin PBXFrameworksBuildPhase section */
		FD87DC7F2C356BFC00553DC0 /* Frameworks */ = {
			isa = PBXFrameworksBuildPhase;
			buildActionMask = 2147483647;
			files = (
				D0EDBE782C36A31400EC06AB /* FirebaseDatabase in Frameworks */,
				D0B9B1102C35AB3B009521D5 /* FirebaseAuth in Frameworks */,
			);
			runOnlyForDeploymentPostprocessing = 0;
		};
/* End PBXFrameworksBuildPhase section */

/* Begin PBXGroup section */
		73E8868E2C405835000687DD /* ISBNfiles */ = {
			isa = PBXGroup;
			children = (
				73E886872C3FF892000687DD /* BarCodeScannerView.swift */,
				73E886882C3FF892000687DD /* BookDetails.swift */,
				73E886862C3FF892000687DD /* BookDetailView.swift */,
				73E8868C2C3FF89D000687DD /* ContentView.swift */,
			);
			path = ISBNfiles;
			sourceTree = "<group>";
		};
		73E8868F2C4062B8000687DD /* Fonts */ = {
			isa = PBXGroup;
			children = (
				73E886902C4062DD000687DD /* DMSans_18pt-Black.ttf */,
				73E886922C4063F8000687DD /* DMSans_18pt-Medium.ttf */,
				73E886942C406455000687DD /* DMSans_18pt-SemiBold.ttf */,
				73E886962C4064A9000687DD /* DMSans_18pt-Bold.ttf */,
				73E886982C406572000687DD /* DMSans-Bold.ttf */,
				73E8869A2C406629000687DD /* DMSans-ExtraBold.ttf */,
			);
			path = Fonts;
			sourceTree = "<group>";
		};
		B1BEB40E2C359FB300ED5C01 /* Dashboard */ = {
			isa = PBXGroup;
			children = (
				B14A30EC2C43E88B004B36AD /* NextButton.swift */,
				B14A30EA2C43E879004B36AD /* FinalButton.swift */,
				B14A30E62C43E65B004B36AD /* EventsDashboard.swift */,
				B1BEB40D2C359FB300ED5C01 /* sideMenuBar.swift */,
				B174F34D2C360313003D1ABD /* LibrarianDashboardAnalyticsData.swift */,
				B174F3512C36678E003D1ABD /* LibrarianDashboardStructs.swift */,
				B174F3532C36683A003D1ABD /* LibrarianDashboard.swift */,
				444512912C467A660081665D /* book overdue and fine.swift */,
				D0EDBE872C37260300EC06AB /* BookCatalogue.swift */,
				737170702C3B465F009A3B05 /* UserRecord.swift */,
				D0DC6C4B2C4135B0000C90F0 /* AddBookDetailsView.swift */,
				D0DC6C4D2C4136FF000C90F0 /* AddBookOptionsView.swift */,
				D0DC6C4F2C41378D000C90F0 /* CheckBoxView.swift */,
				D0DC6C512C4268D0000C90F0 /* ImageLoader.swift */,
				B164E01E2C451FB200EF50AB /* Eventform.swift */,
				B1E339F32C452F6D00CF1E27 /* Graphs.swift */,
			);
			name = Dashboard;
			path = "Shlves-Library/Dashboard";
			sourceTree = "<group>";
		};
		D0B9B10E2C35AB3B009521D5 /* Frameworks */ = {
			isa = PBXGroup;
			children = (
			);
			name = Frameworks;
			sourceTree = "<group>";
		};
		FD87DC792C356BFC00553DC0 = {
			isa = PBXGroup;
			children = (
				FD87DC932C356C2A00553DC0 /* gitignore.txt */,
				D0B9B10B2C35A567009521D5 /* GoogleService-Info.plist */,
				73BCEC0A2C4648A400F7D3D4 /* ComplaintsPage.swift */,
				73E8868F2C4062B8000687DD /* Fonts */,
				B1BEB40E2C359FB300ED5C01 /* Dashboard */,
				73E8868E2C405835000687DD /* ISBNfiles */,
				FD87DC842C356BFC00553DC0 /* Shlves-Library */,
				FD87DC832C356BFC00553DC0 /* Products */,
				D0B9B10E2C35AB3B009521D5 /* Frameworks */,
			);
			sourceTree = "<group>";
		};
		FD87DC832C356BFC00553DC0 /* Products */ = {
			isa = PBXGroup;
			children = (
				FD87DC822C356BFC00553DC0 /* Shlves-Library.app */,
			);
			name = Products;
			sourceTree = "<group>";
		};
		FD87DC842C356BFC00553DC0 /* Shlves-Library */ = {
			isa = PBXGroup;
			children = (
				D0EDBE762C36A30100EC06AB /* Info.plist */,
				FD87DC852C356BFC00553DC0 /* Shlves_LibraryApp.swift */,
				C4358B742C358168006824DC /* LoginPageView.swift */,
				FDEA9C9D2C36818E0042367B /* RegisterPage.swift */,
				FD87DC892C356BFD00553DC0 /* Assets.xcassets */,
				FD87DC8B2C356BFD00553DC0 /* Preview Content */,
				D0EDBE792C36A38500EC06AB /* DataController.swift */,
				D0EDBE7B2C36A3E000EC06AB /* DataModel.swift */,
				FDBC5E9C2C451F69004F0890 /* AuthManager.swift */,
			);
			path = "Shlves-Library";
			sourceTree = "<group>";
		};
		FD87DC8B2C356BFD00553DC0 /* Preview Content */ = {
			isa = PBXGroup;
			children = (
				FD87DC8C2C356BFD00553DC0 /* Preview Assets.xcassets */,
			);
			path = "Preview Content";
			sourceTree = "<group>";
		};
/* End PBXGroup section */

/* Begin PBXNativeTarget section */
		FD87DC812C356BFC00553DC0 /* Shlves-Library */ = {
			isa = PBXNativeTarget;
			buildConfigurationList = FD87DC902C356BFD00553DC0 /* Build configuration list for PBXNativeTarget "Shlves-Library" */;
			buildPhases = (
				FD87DC7E2C356BFC00553DC0 /* Sources */,
				FD87DC7F2C356BFC00553DC0 /* Frameworks */,
				FD87DC802C356BFC00553DC0 /* Resources */,
			);
			buildRules = (
			);
			dependencies = (
			);
			name = "Shlves-Library";
			packageProductDependencies = (
				D0B9B10F2C35AB3B009521D5 /* FirebaseAuth */,
				D0EDBE772C36A31400EC06AB /* FirebaseDatabase */,
			);
			productName = "Shlves-Library";
			productReference = FD87DC822C356BFC00553DC0 /* Shlves-Library.app */;
			productType = "com.apple.product-type.application";
		};
/* End PBXNativeTarget section */

/* Begin PBXProject section */
		FD87DC7A2C356BFC00553DC0 /* Project object */ = {
			isa = PBXProject;
			attributes = {
				BuildIndependentTargetsInParallel = 1;
				LastSwiftUpdateCheck = 1540;
				LastUpgradeCheck = 1540;
				TargetAttributes = {
					FD87DC812C356BFC00553DC0 = {
						CreatedOnToolsVersion = 15.4;
					};
				};
			};
			buildConfigurationList = FD87DC7D2C356BFC00553DC0 /* Build configuration list for PBXProject "Shlves-Library" */;
			compatibilityVersion = "Xcode 14.0";
			developmentRegion = en;
			hasScannedForEncodings = 0;
			knownRegions = (
				en,
				Base,
			);
			mainGroup = FD87DC792C356BFC00553DC0;
			packageReferences = (
				D0B9B10D2C35A5E9009521D5 /* XCRemoteSwiftPackageReference "firebase-ios-sdk" */,
			);
			productRefGroup = FD87DC832C356BFC00553DC0 /* Products */;
			projectDirPath = "";
			projectRoot = "";
			targets = (
				FD87DC812C356BFC00553DC0 /* Shlves-Library */,
			);
		};
/* End PBXProject section */

/* Begin PBXResourcesBuildPhase section */
		FD87DC802C356BFC00553DC0 /* Resources */ = {
			isa = PBXResourcesBuildPhase;
			buildActionMask = 2147483647;
			files = (
				73E886972C4064A9000687DD /* DMSans_18pt-Bold.ttf in Resources */,
				73E886992C406572000687DD /* DMSans-Bold.ttf in Resources */,
				73E8869B2C406629000687DD /* DMSans-ExtraBold.ttf in Resources */,
				73E886932C4063F8000687DD /* DMSans_18pt-Medium.ttf in Resources */,
				FD87DC8D2C356BFD00553DC0 /* Preview Assets.xcassets in Resources */,
				73E886912C4062DD000687DD /* DMSans_18pt-Black.ttf in Resources */,
				FD87DC942C356C2A00553DC0 /* gitignore.txt in Resources */,
				FD87DC8A2C356BFD00553DC0 /* Assets.xcassets in Resources */,
				D0B9B10C2C35A567009521D5 /* GoogleService-Info.plist in Resources */,
				73E886952C406456000687DD /* DMSans_18pt-SemiBold.ttf in Resources */,
			);
			runOnlyForDeploymentPostprocessing = 0;
		};
/* End PBXResourcesBuildPhase section */

/* Begin PBXSourcesBuildPhase section */
		FD87DC7E2C356BFC00553DC0 /* Sources */ = {
			isa = PBXSourcesBuildPhase;
			buildActionMask = 2147483647;
			files = (
				FD87DC862C356BFC00553DC0 /* Shlves_LibraryApp.swift in Sources */,
				FDBC5E9D2C451F69004F0890 /* AuthManager.swift in Sources */,
				B174F3522C36678E003D1ABD /* LibrarianDashboardStructs.swift in Sources */,
				73E8868A2C3FF892000687DD /* BarCodeScannerView.swift in Sources */,
				D0EDBE7C2C36A3E000EC06AB /* DataModel.swift in Sources */,
				B14A30ED2C43E88B004B36AD /* NextButton.swift in Sources */,
				B1E339F42C452F6D00CF1E27 /* Graphs.swift in Sources */,
				D0DC6C4C2C4135B0000C90F0 /* AddBookDetailsView.swift in Sources */,
				C4358B752C358168006824DC /* LoginPageView.swift in Sources */,
				73E8868D2C3FF89D000687DD /* ContentView.swift in Sources */,
				73E886892C3FF892000687DD /* BookDetailView.swift in Sources */,
				B174F3542C36683A003D1ABD /* LibrarianDashboard.swift in Sources */,
				D0DC6C502C41378D000C90F0 /* CheckBoxView.swift in Sources */,
				444512922C467A660081665D /* book overdue and fine.swift in Sources */,
				B1BEB4112C359FB300ED5C01 /* sideMenuBar.swift in Sources */,
				D0EDBE7A2C36A38500EC06AB /* DataController.swift in Sources */,
				D0DC6C522C4268D0000C90F0 /* ImageLoader.swift in Sources */,
				FDEA9C9E2C36818E0042367B /* RegisterPage.swift in Sources */,
				D0EDBE882C37260300EC06AB /* BookCatalogue.swift in Sources */,
				B14A30E72C43E65B004B36AD /* EventsDashboard.swift in Sources */,
				B14A30EB2C43E879004B36AD /* FinalButton.swift in Sources */,
				B164E01F2C451FB200EF50AB /* Eventform.swift in Sources */,
				D0DC6C4E2C4136FF000C90F0 /* AddBookOptionsView.swift in Sources */,
				73E8868B2C3FF892000687DD /* BookDetails.swift in Sources */,
				B174F34E2C360313003D1ABD /* LibrarianDashboardAnalyticsData.swift in Sources */,
				73BCEC0B2C4648A400F7D3D4 /* ComplaintsPage.swift in Sources */,
				737170712C3B465F009A3B05 /* UserRecord.swift in Sources */,
			);
			runOnlyForDeploymentPostprocessing = 0;
		};
/* End PBXSourcesBuildPhase section */

/* Begin XCBuildConfiguration section */
		FD87DC8E2C356BFD00553DC0 /* Debug */ = {
			isa = XCBuildConfiguration;
			buildSettings = {
				ALWAYS_SEARCH_USER_PATHS = NO;
				ASSETCATALOG_COMPILER_GENERATE_SWIFT_ASSET_SYMBOL_EXTENSIONS = YES;
				CLANG_ANALYZER_NONNULL = YES;
				CLANG_ANALYZER_NUMBER_OBJECT_CONVERSION = YES_AGGRESSIVE;
				CLANG_CXX_LANGUAGE_STANDARD = "gnu++20";
				CLANG_ENABLE_MODULES = YES;
				CLANG_ENABLE_OBJC_ARC = YES;
				CLANG_ENABLE_OBJC_WEAK = YES;
				CLANG_WARN_BLOCK_CAPTURE_AUTORELEASING = YES;
				CLANG_WARN_BOOL_CONVERSION = YES;
				CLANG_WARN_COMMA = YES;
				CLANG_WARN_CONSTANT_CONVERSION = YES;
				CLANG_WARN_DEPRECATED_OBJC_IMPLEMENTATIONS = YES;
				CLANG_WARN_DIRECT_OBJC_ISA_USAGE = YES_ERROR;
				CLANG_WARN_DOCUMENTATION_COMMENTS = YES;
				CLANG_WARN_EMPTY_BODY = YES;
				CLANG_WARN_ENUM_CONVERSION = YES;
				CLANG_WARN_INFINITE_RECURSION = YES;
				CLANG_WARN_INT_CONVERSION = YES;
				CLANG_WARN_NON_LITERAL_NULL_CONVERSION = YES;
				CLANG_WARN_OBJC_IMPLICIT_RETAIN_SELF = YES;
				CLANG_WARN_OBJC_LITERAL_CONVERSION = YES;
				CLANG_WARN_OBJC_ROOT_CLASS = YES_ERROR;
				CLANG_WARN_QUOTED_INCLUDE_IN_FRAMEWORK_HEADER = YES;
				CLANG_WARN_RANGE_LOOP_ANALYSIS = YES;
				CLANG_WARN_STRICT_PROTOTYPES = YES;
				CLANG_WARN_SUSPICIOUS_MOVE = YES;
				CLANG_WARN_UNGUARDED_AVAILABILITY = YES_AGGRESSIVE;
				CLANG_WARN_UNREACHABLE_CODE = YES;
				CLANG_WARN__DUPLICATE_METHOD_MATCH = YES;
				COPY_PHASE_STRIP = NO;
				DEBUG_INFORMATION_FORMAT = dwarf;
				ENABLE_STRICT_OBJC_MSGSEND = YES;
				ENABLE_TESTABILITY = YES;
				ENABLE_USER_SCRIPT_SANDBOXING = YES;
				GCC_C_LANGUAGE_STANDARD = gnu17;
				GCC_DYNAMIC_NO_PIC = NO;
				GCC_NO_COMMON_BLOCKS = YES;
				GCC_OPTIMIZATION_LEVEL = 0;
				GCC_PREPROCESSOR_DEFINITIONS = (
					"DEBUG=1",
					"$(inherited)",
				);
				GCC_WARN_64_TO_32_BIT_CONVERSION = YES;
				GCC_WARN_ABOUT_RETURN_TYPE = YES_ERROR;
				GCC_WARN_UNDECLARED_SELECTOR = YES;
				GCC_WARN_UNINITIALIZED_AUTOS = YES_AGGRESSIVE;
				GCC_WARN_UNUSED_FUNCTION = YES;
				GCC_WARN_UNUSED_VARIABLE = YES;
				IPHONEOS_DEPLOYMENT_TARGET = 17.5;
				LOCALIZATION_PREFERS_STRING_CATALOGS = YES;
				MTL_ENABLE_DEBUG_INFO = INCLUDE_SOURCE;
				MTL_FAST_MATH = YES;
				ONLY_ACTIVE_ARCH = YES;
				SDKROOT = iphoneos;
				SWIFT_ACTIVE_COMPILATION_CONDITIONS = "DEBUG $(inherited)";
				SWIFT_OPTIMIZATION_LEVEL = "-Onone";
			};
			name = Debug;
		};
		FD87DC8F2C356BFD00553DC0 /* Release */ = {
			isa = XCBuildConfiguration;
			buildSettings = {
				ALWAYS_SEARCH_USER_PATHS = NO;
				ASSETCATALOG_COMPILER_GENERATE_SWIFT_ASSET_SYMBOL_EXTENSIONS = YES;
				CLANG_ANALYZER_NONNULL = YES;
				CLANG_ANALYZER_NUMBER_OBJECT_CONVERSION = YES_AGGRESSIVE;
				CLANG_CXX_LANGUAGE_STANDARD = "gnu++20";
				CLANG_ENABLE_MODULES = YES;
				CLANG_ENABLE_OBJC_ARC = YES;
				CLANG_ENABLE_OBJC_WEAK = YES;
				CLANG_WARN_BLOCK_CAPTURE_AUTORELEASING = YES;
				CLANG_WARN_BOOL_CONVERSION = YES;
				CLANG_WARN_COMMA = YES;
				CLANG_WARN_CONSTANT_CONVERSION = YES;
				CLANG_WARN_DEPRECATED_OBJC_IMPLEMENTATIONS = YES;
				CLANG_WARN_DIRECT_OBJC_ISA_USAGE = YES_ERROR;
				CLANG_WARN_DOCUMENTATION_COMMENTS = YES;
				CLANG_WARN_EMPTY_BODY = YES;
				CLANG_WARN_ENUM_CONVERSION = YES;
				CLANG_WARN_INFINITE_RECURSION = YES;
				CLANG_WARN_INT_CONVERSION = YES;
				CLANG_WARN_NON_LITERAL_NULL_CONVERSION = YES;
				CLANG_WARN_OBJC_IMPLICIT_RETAIN_SELF = YES;
				CLANG_WARN_OBJC_LITERAL_CONVERSION = YES;
				CLANG_WARN_OBJC_ROOT_CLASS = YES_ERROR;
				CLANG_WARN_QUOTED_INCLUDE_IN_FRAMEWORK_HEADER = YES;
				CLANG_WARN_RANGE_LOOP_ANALYSIS = YES;
				CLANG_WARN_STRICT_PROTOTYPES = YES;
				CLANG_WARN_SUSPICIOUS_MOVE = YES;
				CLANG_WARN_UNGUARDED_AVAILABILITY = YES_AGGRESSIVE;
				CLANG_WARN_UNREACHABLE_CODE = YES;
				CLANG_WARN__DUPLICATE_METHOD_MATCH = YES;
				COPY_PHASE_STRIP = NO;
				DEBUG_INFORMATION_FORMAT = "dwarf-with-dsym";
				ENABLE_NS_ASSERTIONS = NO;
				ENABLE_STRICT_OBJC_MSGSEND = YES;
				ENABLE_USER_SCRIPT_SANDBOXING = YES;
				GCC_C_LANGUAGE_STANDARD = gnu17;
				GCC_NO_COMMON_BLOCKS = YES;
				GCC_WARN_64_TO_32_BIT_CONVERSION = YES;
				GCC_WARN_ABOUT_RETURN_TYPE = YES_ERROR;
				GCC_WARN_UNDECLARED_SELECTOR = YES;
				GCC_WARN_UNINITIALIZED_AUTOS = YES_AGGRESSIVE;
				GCC_WARN_UNUSED_FUNCTION = YES;
				GCC_WARN_UNUSED_VARIABLE = YES;
				IPHONEOS_DEPLOYMENT_TARGET = 17.5;
				LOCALIZATION_PREFERS_STRING_CATALOGS = YES;
				MTL_ENABLE_DEBUG_INFO = NO;
				MTL_FAST_MATH = YES;
				SDKROOT = iphoneos;
				SWIFT_COMPILATION_MODE = wholemodule;
				VALIDATE_PRODUCT = YES;
			};
			name = Release;
		};
		FD87DC912C356BFD00553DC0 /* Debug */ = {
			isa = XCBuildConfiguration;
			buildSettings = {
				ASSETCATALOG_COMPILER_APPICON_NAME = AppIcon;
				ASSETCATALOG_COMPILER_GLOBAL_ACCENT_COLOR_NAME = AccentColor;
				CODE_SIGN_STYLE = Automatic;
				CURRENT_PROJECT_VERSION = 1;
				DEVELOPMENT_ASSET_PATHS = "\"Shlves-Library/Preview Content\"";
				DEVELOPMENT_TEAM = 458RNVZ66L;
				ENABLE_PREVIEWS = YES;
				GENERATE_INFOPLIST_FILE = YES;
				INFOPLIST_FILE = "Shlves-Library/Info.plist";
				INFOPLIST_KEY_LSSupportsOpeningDocumentsInPlace = YES;
				INFOPLIST_KEY_NSCameraUsageDescription = "";
				INFOPLIST_KEY_NSFileProviderPresenceUsageDescription = "";
				INFOPLIST_KEY_UIApplicationSceneManifest_Generation = YES;
				INFOPLIST_KEY_UIApplicationSupportsIndirectInputEvents = YES;
				INFOPLIST_KEY_UILaunchScreen_Generation = YES;
				INFOPLIST_KEY_UISupportedInterfaceOrientations_iPad = "UIInterfaceOrientationPortrait UIInterfaceOrientationPortraitUpsideDown UIInterfaceOrientationLandscapeLeft UIInterfaceOrientationLandscapeRight";
				INFOPLIST_KEY_UISupportedInterfaceOrientations_iPhone = "UIInterfaceOrientationPortrait UIInterfaceOrientationLandscapeLeft UIInterfaceOrientationLandscapeRight";
				LD_RUNPATH_SEARCH_PATHS = (
					"$(inherited)",
					"@executable_path/Frameworks",
				);
				MARKETING_VERSION = 1.0;
				PRODUCT_BUNDLE_IDENTIFIER = "com.team1.Shlves-Library-zekk";
				PRODUCT_NAME = "$(TARGET_NAME)";
				SWIFT_EMIT_LOC_STRINGS = YES;
				SWIFT_VERSION = 5.0;
				TARGETED_DEVICE_FAMILY = "1,2";
			};
			name = Debug;
		};
		FD87DC922C356BFD00553DC0 /* Release */ = {
			isa = XCBuildConfiguration;
			buildSettings = {
				ASSETCATALOG_COMPILER_APPICON_NAME = AppIcon;
				ASSETCATALOG_COMPILER_GLOBAL_ACCENT_COLOR_NAME = AccentColor;
				CODE_SIGN_STYLE = Automatic;
				CURRENT_PROJECT_VERSION = 1;
				DEVELOPMENT_ASSET_PATHS = "\"Shlves-Library/Preview Content\"";
				DEVELOPMENT_TEAM = 458RNVZ66L;
				ENABLE_PREVIEWS = YES;
				GENERATE_INFOPLIST_FILE = YES;
				INFOPLIST_FILE = "Shlves-Library/Info.plist";
				INFOPLIST_KEY_LSSupportsOpeningDocumentsInPlace = YES;
				INFOPLIST_KEY_NSCameraUsageDescription = "";
				INFOPLIST_KEY_NSFileProviderPresenceUsageDescription = "";
				INFOPLIST_KEY_UIApplicationSceneManifest_Generation = YES;
				INFOPLIST_KEY_UIApplicationSupportsIndirectInputEvents = YES;
				INFOPLIST_KEY_UILaunchScreen_Generation = YES;
				INFOPLIST_KEY_UISupportedInterfaceOrientations_iPad = "UIInterfaceOrientationPortrait UIInterfaceOrientationPortraitUpsideDown UIInterfaceOrientationLandscapeLeft UIInterfaceOrientationLandscapeRight";
				INFOPLIST_KEY_UISupportedInterfaceOrientations_iPhone = "UIInterfaceOrientationPortrait UIInterfaceOrientationLandscapeLeft UIInterfaceOrientationLandscapeRight";
				LD_RUNPATH_SEARCH_PATHS = (
					"$(inherited)",
					"@executable_path/Frameworks",
				);
				MARKETING_VERSION = 1.0;
				PRODUCT_BUNDLE_IDENTIFIER = "com.team1.Shlves-Library-zekk";
				PRODUCT_NAME = "$(TARGET_NAME)";
				SWIFT_EMIT_LOC_STRINGS = YES;
				SWIFT_VERSION = 5.0;
				TARGETED_DEVICE_FAMILY = "1,2";
			};
			name = Release;
		};
/* End XCBuildConfiguration section */

/* Begin XCConfigurationList section */
		FD87DC7D2C356BFC00553DC0 /* Build configuration list for PBXProject "Shlves-Library" */ = {
			isa = XCConfigurationList;
			buildConfigurations = (
				FD87DC8E2C356BFD00553DC0 /* Debug */,
				FD87DC8F2C356BFD00553DC0 /* Release */,
			);
			defaultConfigurationIsVisible = 0;
			defaultConfigurationName = Release;
		};
		FD87DC902C356BFD00553DC0 /* Build configuration list for PBXNativeTarget "Shlves-Library" */ = {
			isa = XCConfigurationList;
			buildConfigurations = (
				FD87DC912C356BFD00553DC0 /* Debug */,
				FD87DC922C356BFD00553DC0 /* Release */,
			);
			defaultConfigurationIsVisible = 0;
			defaultConfigurationName = Release;
		};
/* End XCConfigurationList section */

/* Begin XCRemoteSwiftPackageReference section */
		D0B9B10D2C35A5E9009521D5 /* XCRemoteSwiftPackageReference "firebase-ios-sdk" */ = {
			isa = XCRemoteSwiftPackageReference;
			repositoryURL = "https://github.com/firebase/firebase-ios-sdk";
			requirement = {
				kind = upToNextMajorVersion;
				minimumVersion = 10.28.1;
			};
		};
/* End XCRemoteSwiftPackageReference section */

/* Begin XCSwiftPackageProductDependency section */
		D0B9B10F2C35AB3B009521D5 /* FirebaseAuth */ = {
			isa = XCSwiftPackageProductDependency;
			package = D0B9B10D2C35A5E9009521D5 /* XCRemoteSwiftPackageReference "firebase-ios-sdk" */;
			productName = FirebaseAuth;
		};
		D0EDBE772C36A31400EC06AB /* FirebaseDatabase */ = {
			isa = XCSwiftPackageProductDependency;
			package = D0B9B10D2C35A5E9009521D5 /* XCRemoteSwiftPackageReference "firebase-ios-sdk" */;
			productName = FirebaseDatabase;
		};
/* End XCSwiftPackageProductDependency section */
	};
	rootObject = FD87DC7A2C356BFC00553DC0 /* Project object */;
}
